
Microsoft Visual Studio Solution File, Format Version 12.00
# Visual Studio 15
VisualStudioVersion = 15.0.26124.0
MinimumVisualStudioVersion = 15.0.26124.0
Project("{2150E333-8FDC-42A3-9474-1A3956D46DE8}") = "src", "src", "{EAC5528E-F5D7-426E-A5F7-5533D8FC1103}"
EndProject
Project("{FAE04EC0-301F-11D3-BF4B-00C04F79EFBC}") = "Phema.Routing", "src\Phema.Routing\Phema.Routing.csproj", "{9D592CC1-076F-4270-8028-1C89F64A5C8F}"
EndProject
Project("{2150E333-8FDC-42A3-9474-1A3956D46DE8}") = "tests", "tests", "{F9BB847B-8B6D-4D39-9527-4B435C9F8120}"
EndProject
Project("{FAE04EC0-301F-11D3-BF4B-00C04F79EFBC}") = "Phema.Routing.Tests", "tests\Phema.Routing.Tests\Phema.Routing.Tests.csproj", "{D27AF236-9621-4712-9BE8-19C0A09DA991}"
EndProject
Project("{FAE04EC0-301F-11D3-BF4B-00C04F79EFBC}") = "Phema.Routing.Extensions.Tests", "tests\Phema.Routing.Extensions.Tests\Phema.Routing.Extensions.Tests.csproj", "{45EDB124-39BF-4098-B7FA-E9DFBC39A43A}"
EndProject
Project("{2150E333-8FDC-42A3-9474-1A3956D46DE8}") = "examples", "examples", "{FBEDCA1B-FE1C-46B6-81C2-64C81CFA5FD2}"
EndProject
Project("{FAE04EC0-301F-11D3-BF4B-00C04F79EFBC}") = "Phema.Routing.MvcExample", "examples\Phema.Routing.MvcExample\Phema.Routing.MvcExample.csproj", "{2E756716-E604-44F6-97F1-970D7BA60962}"
EndProject
Project("{FAE04EC0-301F-11D3-BF4B-00C04F79EFBC}") = "Phema.Routing.EndpointExample", "examples\Phema.Routing.EndpointExample\Phema.Routing.EndpointExample.csproj", "{EB3036D4-651A-481F-9885-6DF7985D0966}"
EndProject
Global
	GlobalSection(SolutionConfigurationPlatforms) = preSolution
		Debug|Any CPU = Debug|Any CPU
		Debug|x64 = Debug|x64
		Debug|x86 = Debug|x86
		Release|Any CPU = Release|Any CPU
		Release|x64 = Release|x64
		Release|x86 = Release|x86
	EndGlobalSection
	GlobalSection(SolutionProperties) = preSolution
		HideSolutionNode = FALSE
	EndGlobalSection
	GlobalSection(ProjectConfigurationPlatforms) = postSolution
		{9D592CC1-076F-4270-8028-1C89F64A5C8F}.Debug|x64.ActiveCfg = Debug|Any CPU
		{9D592CC1-076F-4270-8028-1C89F64A5C8F}.Debug|x64.Build.0 = Debug|Any CPU
		{9D592CC1-076F-4270-8028-1C89F64A5C8F}.Debug|x86.ActiveCfg = Debug|Any CPU
		{9D592CC1-076F-4270-8028-1C89F64A5C8F}.Debug|x86.Build.0 = Debug|Any CPU
		{9D592CC1-076F-4270-8028-1C89F64A5C8F}.Release|Any CPU.ActiveCfg = Release|Any CPU
		{9D592CC1-076F-4270-8028-1C89F64A5C8F}.Release|Any CPU.Build.0 = Release|Any CPU
		{9D592CC1-076F-4270-8028-1C89F64A5C8F}.Release|x64.ActiveCfg = Release|Any CPU
		{9D592CC1-076F-4270-8028-1C89F64A5C8F}.Release|x64.Build.0 = Release|Any CPU
		{9D592CC1-076F-4270-8028-1C89F64A5C8F}.Release|x86.ActiveCfg = Release|Any CPU
		{9D592CC1-076F-4270-8028-1C89F64A5C8F}.Release|x86.Build.0 = Release|Any CPU
		{9D592CC1-076F-4270-8028-1C89F64A5C8F}.Debug|Any CPU.ActiveCfg = Debug|Any CPU
		{9D592CC1-076F-4270-8028-1C89F64A5C8F}.Debug|Any CPU.Build.0 = Debug|Any CPU
		{D27AF236-9621-4712-9BE8-19C0A09DA991}.Debug|Any CPU.ActiveCfg = Debug|Any CPU
		{D27AF236-9621-4712-9BE8-19C0A09DA991}.Debug|Any CPU.Build.0 = Debug|Any CPU
		{D27AF236-9621-4712-9BE8-19C0A09DA991}.Debug|x64.ActiveCfg = Debug|Any CPU
		{D27AF236-9621-4712-9BE8-19C0A09DA991}.Debug|x64.Build.0 = Debug|Any CPU
		{D27AF236-9621-4712-9BE8-19C0A09DA991}.Debug|x86.ActiveCfg = Debug|Any CPU
		{D27AF236-9621-4712-9BE8-19C0A09DA991}.Debug|x86.Build.0 = Debug|Any CPU
		{D27AF236-9621-4712-9BE8-19C0A09DA991}.Release|Any CPU.ActiveCfg = Release|Any CPU
		{D27AF236-9621-4712-9BE8-19C0A09DA991}.Release|Any CPU.Build.0 = Release|Any CPU
		{D27AF236-9621-4712-9BE8-19C0A09DA991}.Release|x64.ActiveCfg = Release|Any CPU
		{D27AF236-9621-4712-9BE8-19C0A09DA991}.Release|x64.Build.0 = Release|Any CPU
		{D27AF236-9621-4712-9BE8-19C0A09DA991}.Release|x86.ActiveCfg = Release|Any CPU
		{D27AF236-9621-4712-9BE8-19C0A09DA991}.Release|x86.Build.0 = Release|Any CPU
		{45EDB124-39BF-4098-B7FA-E9DFBC39A43A}.Debug|Any CPU.ActiveCfg = Debug|Any CPU
		{45EDB124-39BF-4098-B7FA-E9DFBC39A43A}.Debug|Any CPU.Build.0 = Debug|Any CPU
		{45EDB124-39BF-4098-B7FA-E9DFBC39A43A}.Debug|x64.ActiveCfg = Debug|Any CPU
		{45EDB124-39BF-4098-B7FA-E9DFBC39A43A}.Debug|x64.Build.0 = Debug|Any CPU
		{45EDB124-39BF-4098-B7FA-E9DFBC39A43A}.Debug|x86.ActiveCfg = Debug|Any CPU
		{45EDB124-39BF-4098-B7FA-E9DFBC39A43A}.Debug|x86.Build.0 = Debug|Any CPU
		{45EDB124-39BF-4098-B7FA-E9DFBC39A43A}.Release|Any CPU.ActiveCfg = Release|Any CPU
		{45EDB124-39BF-4098-B7FA-E9DFBC39A43A}.Release|Any CPU.Build.0 = Release|Any CPU
		{45EDB124-39BF-4098-B7FA-E9DFBC39A43A}.Release|x64.ActiveCfg = Release|Any CPU
		{45EDB124-39BF-4098-B7FA-E9DFBC39A43A}.Release|x64.Build.0 = Release|Any CPU
		{45EDB124-39BF-4098-B7FA-E9DFBC39A43A}.Release|x86.ActiveCfg = Release|Any CPU
		{45EDB124-39BF-4098-B7FA-E9DFBC39A43A}.Release|x86.Build.0 = Release|Any CPU
		{2E756716-E604-44F6-97F1-970D7BA60962}.Debug|Any CPU.ActiveCfg = Debug|Any CPU
		{2E756716-E604-44F6-97F1-970D7BA60962}.Debug|Any CPU.Build.0 = Debug|Any CPU
		{2E756716-E604-44F6-97F1-970D7BA60962}.Debug|x64.ActiveCfg = Debug|Any CPU
		{2E756716-E604-44F6-97F1-970D7BA60962}.Debug|x64.Build.0 = Debug|Any CPU
		{2E756716-E604-44F6-97F1-970D7BA60962}.Debug|x86.ActiveCfg = Debug|Any CPU
		{2E756716-E604-44F6-97F1-970D7BA60962}.Debug|x86.Build.0 = Debug|Any CPU
		{2E756716-E604-44F6-97F1-970D7BA60962}.Release|Any CPU.ActiveCfg = Release|Any CPU
		{2E756716-E604-44F6-97F1-970D7BA60962}.Release|Any CPU.Build.0 = Release|Any CPU
		{2E756716-E604-44F6-97F1-970D7BA60962}.Release|x64.ActiveCfg = Release|Any CPU
		{2E756716-E604-44F6-97F1-970D7BA60962}.Release|x64.Build.0 = Release|Any CPU
		{2E756716-E604-44F6-97F1-970D7BA60962}.Release|x86.ActiveCfg = Release|Any CPU
		{2E756716-E604-44F6-97F1-970D7BA60962}.Release|x86.Build.0 = Release|Any CPU
		{EB3036D4-651A-481F-9885-6DF7985D0966}.Debug|Any CPU.ActiveCfg = Debug|Any CPU
		{EB3036D4-651A-481F-9885-6DF7985D0966}.Debug|Any CPU.Build.0 = Debug|Any CPU
		{EB3036D4-651A-481F-9885-6DF7985D0966}.Debug|x64.ActiveCfg = Debug|Any CPU
		{EB3036D4-651A-481F-9885-6DF7985D0966}.Debug|x64.Build.0 = Debug|Any CPU
		{EB3036D4-651A-481F-9885-6DF7985D0966}.Debug|x86.ActiveCfg = Debug|Any CPU
		{EB3036D4-651A-481F-9885-6DF7985D0966}.Debug|x86.Build.0 = Debug|Any CPU
		{EB3036D4-651A-481F-9885-6DF7985D0966}.Release|Any CPU.ActiveCfg = Release|Any CPU
		{EB3036D4-651A-481F-9885-6DF7985D0966}.Release|Any CPU.Build.0 = Release|Any CPU
		{EB3036D4-651A-481F-9885-6DF7985D0966}.Release|x64.ActiveCfg = Release|Any CPU
		{EB3036D4-651A-481F-9885-6DF7985D0966}.Release|x64.Build.0 = Release|Any CPU
		{EB3036D4-651A-481F-9885-6DF7985D0966}.Release|x86.ActiveCfg = Release|Any CPU
		{EB3036D4-651A-481F-9885-6DF7985D0966}.Release|x86.Build.0 = Release|Any CPU
	EndGlobalSection
	GlobalSection(NestedProjects) = preSolution
		{9D592CC1-076F-4270-8028-1C89F64A5C8F} = {EAC5528E-F5D7-426E-A5F7-5533D8FC1103}
		{D27AF236-9621-4712-9BE8-19C0A09DA991} = {F9BB847B-8B6D-4D39-9527-4B435C9F8120}
		{45EDB124-39BF-4098-B7FA-E9DFBC39A43A} = {F9BB847B-8B6D-4D39-9527-4B435C9F8120}
		{2E756716-E604-44F6-97F1-970D7BA60962} = {FBEDCA1B-FE1C-46B6-81C2-64C81CFA5FD2}
		{EB3036D4-651A-481F-9885-6DF7985D0966} = {FBEDCA1B-FE1C-46B6-81C2-64C81CFA5FD2}
	EndGlobalSection
EndGlobal
